
Microsoft Visual Studio Solution File, Format Version 12.00
# Visual Studio Version 17
VisualStudioVersion = 17.0.31903.59
MinimumVisualStudioVersion = 10.0.40219.1
Project("{FAE04EC0-301F-11D3-BF4B-00C04F79EFBC}") = "APIGlobal", "APIGlobal\APIGlobal.csproj", "{045949C8-5CB0-4ECE-A7CF-930395FA472B}"
EndProject
Global
	GlobalSection(SolutionConfigurationPlatforms) = preSolution
		Debug|Any CPU = Debug|Any CPU
		Release|Any CPU = Release|Any CPU
	EndGlobalSection
	GlobalSection(ProjectConfigurationPlatforms) = postSolution
		{045949C8-5CB0-4ECE-A7CF-930395FA472B}.Debug|Any CPU.ActiveCfg = Debug|Any CPU
		{045949C8-5CB0-4ECE-A7CF-930395FA472B}.Debug|Any CPU.Build.0 = Debug|Any CPU
		{045949C8-5CB0-4ECE-A7CF-930395FA472B}.Release|Any CPU.ActiveCfg = Release|Any CPU
		{045949C8-5CB0-4ECE-A7CF-930395FA472B}.Release|Any CPU.Build.0 = Release|Any CPU
	EndGlobalSection
	GlobalSection(SolutionProperties) = preSolution
		HideSolutionNode = FALSE
	EndGlobalSection
	GlobalSection(ExtensibilityGlobals) = postSolution
		SolutionGuid = {050D992D-6C39-483E-9A09-832A7221D7FA}
	EndGlobalSection
EndGlobal
